// !$*UTF8*$!
{
	archiveVersion = 1;
	classes = {
	};
	objectVersion = 56;
	objects = {

/* Begin PBXBuildFile section */
		7F23C3112BA1F52B009ABB22 /* H4X0RApp.swift in Sources */ = {isa = PBXBuildFile; fileRef = 7F23C3102BA1F52B009ABB22 /* H4X0RApp.swift */; };
		7F23C3132BA1F52B009ABB22 /* ContentView.swift in Sources */ = {isa = PBXBuildFile; fileRef = 7F23C3122BA1F52B009ABB22 /* ContentView.swift */; };
		7F23C3152BA1F52C009ABB22 /* Assets.xcassets in Resources */ = {isa = PBXBuildFile; fileRef = 7F23C3142BA1F52C009ABB22 /* Assets.xcassets */; };
		7F23C3182BA1F52C009ABB22 /* Preview Assets.xcassets in Resources */ = {isa = PBXBuildFile; fileRef = 7F23C3172BA1F52C009ABB22 /* Preview Assets.xcassets */; };
		7F23C3222BA1F52C009ABB22 /* H4X0RTests.swift in Sources */ = {isa = PBXBuildFile; fileRef = 7F23C3212BA1F52C009ABB22 /* H4X0RTests.swift */; };
		7F23C32C2BA1F52C009ABB22 /* H4X0RUITests.swift in Sources */ = {isa = PBXBuildFile; fileRef = 7F23C32B2BA1F52C009ABB22 /* H4X0RUITests.swift */; };
		7F23C32E2BA1F52C009ABB22 /* H4X0RUITestsLaunchTests.swift in Sources */ = {isa = PBXBuildFile; fileRef = 7F23C32D2BA1F52C009ABB22 /* H4X0RUITestsLaunchTests.swift */; };
		7F23C33C2BA1F8AF009ABB22 /* NetworkManager.swift in Sources */ = {isa = PBXBuildFile; fileRef = 7F23C33B2BA1F8AF009ABB22 /* NetworkManager.swift */; };
		7F23C33E2BA1FA2B009ABB22 /* PostData.swift in Sources */ = {isa = PBXBuildFile; fileRef = 7F23C33D2BA1FA2B009ABB22 /* PostData.swift */; };
		7F23C3412BA200BB009ABB22 /* DetailView.swift in Sources */ = {isa = PBXBuildFile; fileRef = 7F23C3402BA200BB009ABB22 /* DetailView.swift */; };
		7F23C3432BA200DC009ABB22 /* WebView.swift in Sources */ = {isa = PBXBuildFile; fileRef = 7F23C3422BA200DC009ABB22 /* WebView.swift */; };
/* End PBXBuildFile section */

/* Begin PBXContainerItemProxy section */
		7F23C31E2BA1F52C009ABB22 /* PBXContainerItemProxy */ = {
			isa = PBXContainerItemProxy;
			containerPortal = 7F23C3052BA1F52B009ABB22 /* Project object */;
			proxyType = 1;
			remoteGlobalIDString = 7F23C30C2BA1F52B009ABB22;
			remoteInfo = H4X0R;
		};
		7F23C3282BA1F52C009ABB22 /* PBXContainerItemProxy */ = {
			isa = PBXContainerItemProxy;
			containerPortal = 7F23C3052BA1F52B009ABB22 /* Project object */;
			proxyType = 1;
			remoteGlobalIDString = 7F23C30C2BA1F52B009ABB22;
			remoteInfo = H4X0R;
		};
/* End PBXContainerItemProxy section */

/* Begin PBXFileReference section */
		7F23C30D2BA1F52B009ABB22 /* H4X0R.app */ = {isa = PBXFileReference; explicitFileType = wrapper.application; includeInIndex = 0; path = H4X0R.app; sourceTree = BUILT_PRODUCTS_DIR; };
		7F23C3102BA1F52B009ABB22 /* H4X0RApp.swift */ = {isa = PBXFileReference; lastKnownFileType = sourcecode.swift; path = H4X0RApp.swift; sourceTree = "<group>"; };
		7F23C3122BA1F52B009ABB22 /* ContentView.swift */ = {isa = PBXFileReference; lastKnownFileType = sourcecode.swift; path = ContentView.swift; sourceTree = "<group>"; };
		7F23C3142BA1F52C009ABB22 /* Assets.xcassets */ = {isa = PBXFileReference; lastKnownFileType = folder.assetcatalog; path = Assets.xcassets; sourceTree = "<group>"; };
		7F23C3172BA1F52C009ABB22 /* Preview Assets.xcassets */ = {isa = PBXFileReference; lastKnownFileType = folder.assetcatalog; path = "Preview Assets.xcassets"; sourceTree = "<group>"; };
		7F23C31D2BA1F52C009ABB22 /* H4X0RTests.xctest */ = {isa = PBXFileReference; explicitFileType = wrapper.cfbundle; includeInIndex = 0; path = H4X0RTests.xctest; sourceTree = BUILT_PRODUCTS_DIR; };
		7F23C3212BA1F52C009ABB22 /* H4X0RTests.swift */ = {isa = PBXFileReference; lastKnownFileType = sourcecode.swift; path = H4X0RTests.swift; sourceTree = "<group>"; };
		7F23C3272BA1F52C009ABB22 /* H4X0RUITests.xctest */ = {isa = PBXFileReference; explicitFileType = wrapper.cfbundle; includeInIndex = 0; path = H4X0RUITests.xctest; sourceTree = BUILT_PRODUCTS_DIR; };
		7F23C32B2BA1F52C009ABB22 /* H4X0RUITests.swift */ = {isa = PBXFileReference; lastKnownFileType = sourcecode.swift; path = H4X0RUITests.swift; sourceTree = "<group>"; };
		7F23C32D2BA1F52C009ABB22 /* H4X0RUITestsLaunchTests.swift */ = {isa = PBXFileReference; lastKnownFileType = sourcecode.swift; path = H4X0RUITestsLaunchTests.swift; sourceTree = "<group>"; };
		7F23C33B2BA1F8AF009ABB22 /* NetworkManager.swift */ = {isa = PBXFileReference; lastKnownFileType = sourcecode.swift; path = NetworkManager.swift; sourceTree = "<group>"; };
		7F23C33D2BA1FA2B009ABB22 /* PostData.swift */ = {isa = PBXFileReference; lastKnownFileType = sourcecode.swift; path = PostData.swift; sourceTree = "<group>"; };
		7F23C3402BA200BB009ABB22 /* DetailView.swift */ = {isa = PBXFileReference; lastKnownFileType = sourcecode.swift; path = DetailView.swift; sourceTree = "<group>"; };
		7F23C3422BA200DC009ABB22 /* WebView.swift */ = {isa = PBXFileReference; lastKnownFileType = sourcecode.swift; path = WebView.swift; sourceTree = "<group>"; };
/* End PBXFileReference section */

/* Begin PBXFrameworksBuildPhase section */
		7F23C30A2BA1F52B009ABB22 /* Frameworks */ = {
			isa = PBXFrameworksBuildPhase;
			buildActionMask = 2147483647;
			files = (
			);
			runOnlyForDeploymentPostprocessing = 0;
		};
		7F23C31A2BA1F52C009ABB22 /* Frameworks */ = {
			isa = PBXFrameworksBuildPhase;
			buildActionMask = 2147483647;
			files = (
			);
			runOnlyForDeploymentPostprocessing = 0;
		};
		7F23C3242BA1F52C009ABB22 /* Frameworks */ = {
			isa = PBXFrameworksBuildPhase;
			buildActionMask = 2147483647;
			files = (
			);
			runOnlyForDeploymentPostprocessing = 0;
		};
/* End PBXFrameworksBuildPhase section */

/* Begin PBXGroup section */
		7F23C3042BA1F52B009ABB22 = {
			isa = PBXGroup;
			children = (
				7F23C30F2BA1F52B009ABB22 /* H4X0R */,
				7F23C3202BA1F52C009ABB22 /* H4X0RTests */,
				7F23C32A2BA1F52C009ABB22 /* H4X0RUITests */,
				7F23C30E2BA1F52B009ABB22 /* Products */,
			);
			sourceTree = "<group>";
		};
		7F23C30E2BA1F52B009ABB22 /* Products */ = {
			isa = PBXGroup;
			children = (
				7F23C30D2BA1F52B009ABB22 /* H4X0R.app */,
				7F23C31D2BA1F52C009ABB22 /* H4X0RTests.xctest */,
				7F23C3272BA1F52C009ABB22 /* H4X0RUITests.xctest */,
			);
			name = Products;
			sourceTree = "<group>";
		};
		7F23C30F2BA1F52B009ABB22 /* H4X0R */ = {
			isa = PBXGroup;
			children = (
				7F23C3102BA1F52B009ABB22 /* H4X0RApp.swift */,
				7F23C33F2BA2008B009ABB22 /* Views */,
				7F23C33A2BA1F888009ABB22 /* Models */,
				7F23C3142BA1F52C009ABB22 /* Assets.xcassets */,
				7F23C3162BA1F52C009ABB22 /* Preview Content */,
			);
			path = H4X0R;
			sourceTree = "<group>";
		};
		7F23C3162BA1F52C009ABB22 /* Preview Content */ = {
			isa = PBXGroup;
			children = (
				7F23C3172BA1F52C009ABB22 /* Preview Assets.xcassets */,
			);
			path = "Preview Content";
			sourceTree = "<group>";
		};
		7F23C3202BA1F52C009ABB22 /* H4X0RTests */ = {
			isa = PBXGroup;
			children = (
				7F23C3212BA1F52C009ABB22 /* H4X0RTests.swift */,
			);
			path = H4X0RTests;
			sourceTree = "<group>";
		};
		7F23C32A2BA1F52C009ABB22 /* H4X0RUITests */ = {
			isa = PBXGroup;
			children = (
				7F23C32B2BA1F52C009ABB22 /* H4X0RUITests.swift */,
				7F23C32D2BA1F52C009ABB22 /* H4X0RUITestsLaunchTests.swift */,
			);
			path = H4X0RUITests;
			sourceTree = "<group>";
		};
		7F23C33A2BA1F888009ABB22 /* Models */ = {
			isa = PBXGroup;
			children = (
				7F23C33B2BA1F8AF009ABB22 /* NetworkManager.swift */,
				7F23C33D2BA1FA2B009ABB22 /* PostData.swift */,
			);
			path = Models;
			sourceTree = "<group>";
		};
		7F23C33F2BA2008B009ABB22 /* Views */ = {
			isa = PBXGroup;
			children = (
				7F23C3122BA1F52B009ABB22 /* ContentView.swift */,
				7F23C3402BA200BB009ABB22 /* DetailView.swift */,
				7F23C3422BA200DC009ABB22 /* WebView.swift */,
			);
			path = Views;
			sourceTree = "<group>";
		};
/* End PBXGroup section */

/* Begin PBXNativeTarget section */
		7F23C30C2BA1F52B009ABB22 /* H4X0R */ = {
			isa = PBXNativeTarget;
			buildConfigurationList = 7F23C3312BA1F52C009ABB22 /* Build configuration list for PBXNativeTarget "H4X0R" */;
			buildPhases = (
				7F23C3092BA1F52B009ABB22 /* Sources */,
				7F23C30A2BA1F52B009ABB22 /* Frameworks */,
				7F23C30B2BA1F52B009ABB22 /* Resources */,
			);
			buildRules = (
			);
			dependencies = (
			);
			name = H4X0R;
			productName = H4X0R;
			productReference = 7F23C30D2BA1F52B009ABB22 /* H4X0R.app */;
			productType = "com.apple.product-type.application";
		};
		7F23C31C2BA1F52C009ABB22 /* H4X0RTests */ = {
			isa = PBXNativeTarget;
			buildConfigurationList = 7F23C3342BA1F52C009ABB22 /* Build configuration list for PBXNativeTarget "H4X0RTests" */;
			buildPhases = (
				7F23C3192BA1F52C009ABB22 /* Sources */,
				7F23C31A2BA1F52C009ABB22 /* Frameworks */,
				7F23C31B2BA1F52C009ABB22 /* Resources */,
			);
			buildRules = (
			);
			dependencies = (
				7F23C31F2BA1F52C009ABB22 /* PBXTargetDependency */,
			);
			name = H4X0RTests;
			productName = H4X0RTests;
			productReference = 7F23C31D2BA1F52C009ABB22 /* H4X0RTests.xctest */;
			productType = "com.apple.product-type.bundle.unit-test";
		};
		7F23C3262BA1F52C009ABB22 /* H4X0RUITests */ = {
			isa = PBXNativeTarget;
			buildConfigurationList = 7F23C3372BA1F52C009ABB22 /* Build configuration list for PBXNativeTarget "H4X0RUITests" */;
			buildPhases = (
				7F23C3232BA1F52C009ABB22 /* Sources */,
				7F23C3242BA1F52C009ABB22 /* Frameworks */,
				7F23C3252BA1F52C009ABB22 /* Resources */,
			);
			buildRules = (
			);
			dependencies = (
				7F23C3292BA1F52C009ABB22 /* PBXTargetDependency */,
			);
			name = H4X0RUITests;
			productName = H4X0RUITests;
			productReference = 7F23C3272BA1F52C009ABB22 /* H4X0RUITests.xctest */;
			productType = "com.apple.product-type.bundle.ui-testing";
		};
/* End PBXNativeTarget section */

/* Begin PBXProject section */
		7F23C3052BA1F52B009ABB22 /* Project object */ = {
			isa = PBXProject;
			attributes = {
				BuildIndependentTargetsInParallel = 1;
				LastSwiftUpdateCheck = 1530;
				LastUpgradeCheck = 1530;
				TargetAttributes = {
					7F23C30C2BA1F52B009ABB22 = {
						CreatedOnToolsVersion = 15.3;
					};
					7F23C31C2BA1F52C009ABB22 = {
						CreatedOnToolsVersion = 15.3;
						TestTargetID = 7F23C30C2BA1F52B009ABB22;
					};
					7F23C3262BA1F52C009ABB22 = {
						CreatedOnToolsVersion = 15.3;
						TestTargetID = 7F23C30C2BA1F52B009ABB22;
					};
				};
			};
			buildConfigurationList = 7F23C3082BA1F52B009ABB22 /* Build configuration list for PBXProject "H4X0R" */;
			compatibilityVersion = "Xcode 14.0";
			developmentRegion = en;
			hasScannedForEncodings = 0;
			knownRegions = (
				en,
				Base,
			);
			mainGroup = 7F23C3042BA1F52B009ABB22;
			productRefGroup = 7F23C30E2BA1F52B009ABB22 /* Products */;
			projectDirPath = "";
			projectRoot = "";
			targets = (
				7F23C30C2BA1F52B009ABB22 /* H4X0R */,
				7F23C31C2BA1F52C009ABB22 /* H4X0RTests */,
				7F23C3262BA1F52C009ABB22 /* H4X0RUITests */,
			);
		};
/* End PBXProject section */

/* Begin PBXResourcesBuildPhase section */
		7F23C30B2BA1F52B009ABB22 /* Resources */ = {
			isa = PBXResourcesBuildPhase;
			buildActionMask = 2147483647;
			files = (
				7F23C3182BA1F52C009ABB22 /* Preview Assets.xcassets in Resources */,
				7F23C3152BA1F52C009ABB22 /* Assets.xcassets in Resources */,
			);
			runOnlyForDeploymentPostprocessing = 0;
		};
		7F23C31B2BA1F52C009ABB22 /* Resources */ = {
			isa = PBXResourcesBuildPhase;
			buildActionMask = 2147483647;
			files = (
			);
			runOnlyForDeploymentPostprocessing = 0;
		};
		7F23C3252BA1F52C009ABB22 /* Resources */ = {
			isa = PBXResourcesBuildPhase;
			buildActionMask = 2147483647;
			files = (
			);
			runOnlyForDeploymentPostprocessing = 0;
		};
/* End PBXResourcesBuildPhase section */

/* Begin PBXSourcesBuildPhase section */
		7F23C3092BA1F52B009ABB22 /* Sources */ = {
			isa = PBXSourcesBuildPhase;
			buildActionMask = 2147483647;
			files = (
				7F23C33C2BA1F8AF009ABB22 /* NetworkManager.swift in Sources */,
				7F23C33E2BA1FA2B009ABB22 /* PostData.swift in Sources */,
				7F23C3132BA1F52B009ABB22 /* ContentView.swift in Sources */,
				7F23C3432BA200DC009ABB22 /* WebView.swift in Sources */,
				7F23C3412BA200BB009ABB22 /* DetailView.swift in Sources */,
				7F23C3112BA1F52B009ABB22 /* H4X0RApp.swift in Sources */,
			);
			runOnlyForDeploymentPostprocessing = 0;
		};
		7F23C3192BA1F52C009ABB22 /* Sources */ = {
			isa = PBXSourcesBuildPhase;
			buildActionMask = 2147483647;
			files = (
				7F23C3222BA1F52C009ABB22 /* H4X0RTests.swift in Sources */,
			);
			runOnlyForDeploymentPostprocessing = 0;
		};
		7F23C3232BA1F52C009ABB22 /* Sources */ = {
			isa = PBXSourcesBuildPhase;
			buildActionMask = 2147483647;
			files = (
				7F23C32C2BA1F52C009ABB22 /* H4X0RUITests.swift in Sources */,
				7F23C32E2BA1F52C009ABB22 /* H4X0RUITestsLaunchTests.swift in Sources */,
			);
			runOnlyForDeploymentPostprocessing = 0;
		};
/* End PBXSourcesBuildPhase section */

/* Begin PBXTargetDependency section */
		7F23C31F2BA1F52C009ABB22 /* PBXTargetDependency */ = {
			isa = PBXTargetDependency;
			target = 7F23C30C2BA1F52B009ABB22 /* H4X0R */;
			targetProxy = 7F23C31E2BA1F52C009ABB22 /* PBXContainerItemProxy */;
		};
		7F23C3292BA1F52C009ABB22 /* PBXTargetDependency */ = {
			isa = PBXTargetDependency;
			target = 7F23C30C2BA1F52B009ABB22 /* H4X0R */;
			targetProxy = 7F23C3282BA1F52C009ABB22 /* PBXContainerItemProxy */;
		};
/* End PBXTargetDependency section */

/* Begin XCBuildConfiguration section */
		7F23C32F2BA1F52C009ABB22 /* Debug */ = {
			isa = XCBuildConfiguration;
			buildSettings = {
				ALWAYS_SEARCH_USER_PATHS = NO;
				ASSETCATALOG_COMPILER_GENERATE_SWIFT_ASSET_SYMBOL_EXTENSIONS = YES;
				CLANG_ANALYZER_NONNULL = YES;
				CLANG_ANALYZER_NUMBER_OBJECT_CONVERSION = YES_AGGRESSIVE;
				CLANG_CXX_LANGUAGE_STANDARD = "gnu++20";
				CLANG_ENABLE_MODULES = YES;
				CLANG_ENABLE_OBJC_ARC = YES;
				CLANG_ENABLE_OBJC_WEAK = YES;
				CLANG_WARN_BLOCK_CAPTURE_AUTORELEASING = YES;
				CLANG_WARN_BOOL_CONVERSION = YES;
				CLANG_WARN_COMMA = YES;
				CLANG_WARN_CONSTANT_CONVERSION = YES;
				CLANG_WARN_DEPRECATED_OBJC_IMPLEMENTATIONS = YES;
				CLANG_WARN_DIRECT_OBJC_ISA_USAGE = YES_ERROR;
				CLANG_WARN_DOCUMENTATION_COMMENTS = YES;
				CLANG_WARN_EMPTY_BODY = YES;
				CLANG_WARN_ENUM_CONVERSION = YES;
				CLANG_WARN_INFINITE_RECURSION = YES;
				CLANG_WARN_INT_CONVERSION = YES;
				CLANG_WARN_NON_LITERAL_NULL_CONVERSION = YES;
				CLANG_WARN_OBJC_IMPLICIT_RETAIN_SELF = YES;
				CLANG_WARN_OBJC_LITERAL_CONVERSION = YES;
				CLANG_WARN_OBJC_ROOT_CLASS = YES_ERROR;
				CLANG_WARN_QUOTED_INCLUDE_IN_FRAMEWORK_HEADER = YES;
				CLANG_WARN_RANGE_LOOP_ANALYSIS = YES;
				CLANG_WARN_STRICT_PROTOTYPES = YES;
				CLANG_WARN_SUSPICIOUS_MOVE = YES;
				CLANG_WARN_UNGUARDED_AVAILABILITY = YES_AGGRESSIVE;
				CLANG_WARN_UNREACHABLE_CODE = YES;
				CLANG_WARN__DUPLICATE_METHOD_MATCH = YES;
				COPY_PHASE_STRIP = NO;
				DEBUG_INFORMATION_FORMAT = dwarf;
				ENABLE_STRICT_OBJC_MSGSEND = YES;
				ENABLE_TESTABILITY = YES;
				ENABLE_USER_SCRIPT_SANDBOXING = YES;
				GCC_C_LANGUAGE_STANDARD = gnu17;
				GCC_DYNAMIC_NO_PIC = NO;
				GCC_NO_COMMON_BLOCKS = YES;
				GCC_OPTIMIZATION_LEVEL = 0;
				GCC_PREPROCESSOR_DEFINITIONS = (
					"DEBUG=1",
					"$(inherited)",
				);
				GCC_WARN_64_TO_32_BIT_CONVERSION = YES;
				GCC_WARN_ABOUT_RETURN_TYPE = YES_ERROR;
				GCC_WARN_UNDECLARED_SELECTOR = YES;
				GCC_WARN_UNINITIALIZED_AUTOS = YES_AGGRESSIVE;
				GCC_WARN_UNUSED_FUNCTION = YES;
				GCC_WARN_UNUSED_VARIABLE = YES;
				IPHONEOS_DEPLOYMENT_TARGET = 17.4;
				LOCALIZATION_PREFERS_STRING_CATALOGS = YES;
				MTL_ENABLE_DEBUG_INFO = INCLUDE_SOURCE;
				MTL_FAST_MATH = YES;
				ONLY_ACTIVE_ARCH = YES;
				SDKROOT = iphoneos;
				SWIFT_ACTIVE_COMPILATION_CONDITIONS = "DEBUG $(inherited)";
				SWIFT_OPTIMIZATION_LEVEL = "-Onone";
			};
			name = Debug;
		};
		7F23C3302BA1F52C009ABB22 /* Release */ = {
			isa = XCBuildConfiguration;
			buildSettings = {
				ALWAYS_SEARCH_USER_PATHS = NO;
				ASSETCATALOG_COMPILER_GENERATE_SWIFT_ASSET_SYMBOL_EXTENSIONS = YES;
				CLANG_ANALYZER_NONNULL = YES;
				CLANG_ANALYZER_NUMBER_OBJECT_CONVERSION = YES_AGGRESSIVE;
				CLANG_CXX_LANGUAGE_STANDARD = "gnu++20";
				CLANG_ENABLE_MODULES = YES;
				CLANG_ENABLE_OBJC_ARC = YES;
				CLANG_ENABLE_OBJC_WEAK = YES;
				CLANG_WARN_BLOCK_CAPTURE_AUTORELEASING = YES;
				CLANG_WARN_BOOL_CONVERSION = YES;
				CLANG_WARN_COMMA = YES;
				CLANG_WARN_CONSTANT_CONVERSION = YES;
				CLANG_WARN_DEPRECATED_OBJC_IMPLEMENTATIONS = YES;
				CLANG_WARN_DIRECT_OBJC_ISA_USAGE = YES_ERROR;
				CLANG_WARN_DOCUMENTATION_COMMENTS = YES;
				CLANG_WARN_EMPTY_BODY = YES;
				CLANG_WARN_ENUM_CONVERSION = YES;
				CLANG_WARN_INFINITE_RECURSION = YES;
				CLANG_WARN_INT_CONVERSION = YES;
				CLANG_WARN_NON_LITERAL_NULL_CONVERSION = YES;
				CLANG_WARN_OBJC_IMPLICIT_RETAIN_SELF = YES;
				CLANG_WARN_OBJC_LITERAL_CONVERSION = YES;
				CLANG_WARN_OBJC_ROOT_CLASS = YES_ERROR;
				CLANG_WARN_QUOTED_INCLUDE_IN_FRAMEWORK_HEADER = YES;
				CLANG_WARN_RANGE_LOOP_ANALYSIS = YES;
				CLANG_WARN_STRICT_PROTOTYPES = YES;
				CLANG_WARN_SUSPICIOUS_MOVE = YES;
				CLANG_WARN_UNGUARDED_AVAILABILITY = YES_AGGRESSIVE;
				CLANG_WARN_UNREACHABLE_CODE = YES;
				CLANG_WARN__DUPLICATE_METHOD_MATCH = YES;
				COPY_PHASE_STRIP = NO;
				DEBUG_INFORMATION_FORMAT = "dwarf-with-dsym";
				ENABLE_NS_ASSERTIONS = NO;
				ENABLE_STRICT_OBJC_MSGSEND = YES;
				ENABLE_USER_SCRIPT_SANDBOXING = YES;
				GCC_C_LANGUAGE_STANDARD = gnu17;
				GCC_NO_COMMON_BLOCKS = YES;
				GCC_WARN_64_TO_32_BIT_CONVERSION = YES;
				GCC_WARN_ABOUT_RETURN_TYPE = YES_ERROR;
				GCC_WARN_UNDECLARED_SELECTOR = YES;
				GCC_WARN_UNINITIALIZED_AUTOS = YES_AGGRESSIVE;
				GCC_WARN_UNUSED_FUNCTION = YES;
				GCC_WARN_UNUSED_VARIABLE = YES;
				IPHONEOS_DEPLOYMENT_TARGET = 17.4;
				LOCALIZATION_PREFERS_STRING_CATALOGS = YES;
				MTL_ENABLE_DEBUG_INFO = NO;
				MTL_FAST_MATH = YES;
				SDKROOT = iphoneos;
				SWIFT_COMPILATION_MODE = wholemodule;
				VALIDATE_PRODUCT = YES;
			};
			name = Release;
		};
		7F23C3322BA1F52C009ABB22 /* Debug */ = {
			isa = XCBuildConfiguration;
			buildSettings = {
				ASSETCATALOG_COMPILER_APPICON_NAME = AppIcon;
				ASSETCATALOG_COMPILER_GLOBAL_ACCENT_COLOR_NAME = AccentColor;
				CODE_SIGN_STYLE = Automatic;
				CURRENT_PROJECT_VERSION = 1;
				DEVELOPMENT_ASSET_PATHS = "\"H4X0R/Preview Content\"";
				DEVELOPMENT_TEAM = 56HSAHRD97;
				ENABLE_PREVIEWS = YES;
				GENERATE_INFOPLIST_FILE = YES;
				INFOPLIST_KEY_UIApplicationSceneManifest_Generation = YES;
				INFOPLIST_KEY_UIApplicationSupportsIndirectInputEvents = YES;
				INFOPLIST_KEY_UILaunchScreen_Generation = YES;
				INFOPLIST_KEY_UISupportedInterfaceOrientations_iPad = "UIInterfaceOrientationPortrait UIInterfaceOrientationPortraitUpsideDown UIInterfaceOrientationLandscapeLeft UIInterfaceOrientationLandscapeRight";
				INFOPLIST_KEY_UISupportedInterfaceOrientations_iPhone = "UIInterfaceOrientationPortrait UIInterfaceOrientationLandscapeLeft UIInterfaceOrientationLandscapeRight";
				LD_RUNPATH_SEARCH_PATHS = (
					"$(inherited)",
					"@executable_path/Frameworks",
				);
				MARKETING_VERSION = 1.0;
				PRODUCT_BUNDLE_IDENTIFIER = TechWizz.H4X0R;
				PRODUCT_NAME = "$(TARGET_NAME)";
				SWIFT_EMIT_LOC_STRINGS = YES;
				SWIFT_VERSION = 5.0;
				TARGETED_DEVICE_FAMILY = "1,2";
			};
			name = Debug;
		};
		7F23C3332BA1F52C009ABB22 /* Release */ = {
			isa = XCBuildConfiguration;
			buildSettings = {
				ASSETCATALOG_COMPILER_APPICON_NAME = AppIcon;
				ASSETCATALOG_COMPILER_GLOBAL_ACCENT_COLOR_NAME = AccentColor;
				CODE_SIGN_STYLE = Automatic;
				CURRENT_PROJECT_VERSION = 1;
				DEVELOPMENT_ASSET_PATHS = "\"H4X0R/Preview Content\"";
				DEVELOPMENT_TEAM = 56HSAHRD97;
				ENABLE_PREVIEWS = YES;
				GENERATE_INFOPLIST_FILE = YES;
				INFOPLIST_KEY_UIApplicationSceneManifest_Generation = YES;
				INFOPLIST_KEY_UIApplicationSupportsIndirectInputEvents = YES;
				INFOPLIST_KEY_UILaunchScreen_Generation = YES;
				INFOPLIST_KEY_UISupportedInterfaceOrientations_iPad = "UIInterfaceOrientationPortrait UIInterfaceOrientationPortraitUpsideDown UIInterfaceOrientationLandscapeLeft UIInterfaceOrientationLandscapeRight";
				INFOPLIST_KEY_UISupportedInterfaceOrientations_iPhone = "UIInterfaceOrientationPortrait UIInterfaceOrientationLandscapeLeft UIInterfaceOrientationLandscapeRight";
				LD_RUNPATH_SEARCH_PATHS = (
					"$(inherited)",
					"@executable_path/Frameworks",
				);
				MARKETING_VERSION = 1.0;
				PRODUCT_BUNDLE_IDENTIFIER = TechWizz.H4X0R;
				PRODUCT_NAME = "$(TARGET_NAME)";
				SWIFT_EMIT_LOC_STRINGS = YES;
				SWIFT_VERSION = 5.0;
				TARGETED_DEVICE_FAMILY = "1,2";
			};
			name = Release;
		};
		7F23C3352BA1F52C009ABB22 /* Debug */ = {
			isa = XCBuildConfiguration;
			buildSettings = {
				ALWAYS_EMBED_SWIFT_STANDARD_LIBRARIES = YES;
				BUNDLE_LOADER = "$(TEST_HOST)";
				CODE_SIGN_STYLE = Automatic;
				CURRENT_PROJECT_VERSION = 1;
				DEVELOPMENT_TEAM = 56HSAHRD97;
				GENERATE_INFOPLIST_FILE = YES;
				IPHONEOS_DEPLOYMENT_TARGET = 17.4;
				MARKETING_VERSION = 1.0;
				PRODUCT_BUNDLE_IDENTIFIER = TechWizz.H4X0RTests;
				PRODUCT_NAME = "$(TARGET_NAME)";
				SWIFT_EMIT_LOC_STRINGS = NO;
				SWIFT_VERSION = 5.0;
				TARGETED_DEVICE_FAMILY = "1,2";
				TEST_HOST = "$(BUILT_PRODUCTS_DIR)/H4X0R.app/$(BUNDLE_EXECUTABLE_FOLDER_PATH)/H4X0R";
			};
			name = Debug;
		};
		7F23C3362BA1F52C009ABB22 /* Release */ = {
			isa = XCBuildConfiguration;
			buildSettings = {
				ALWAYS_EMBED_SWIFT_STANDARD_LIBRARIES = YES;
				BUNDLE_LOADER = "$(TEST_HOST)";
				CODE_SIGN_STYLE = Automatic;
				CURRENT_PROJECT_VERSION = 1;
				DEVELOPMENT_TEAM = 56HSAHRD97;
				GENERATE_INFOPLIST_FILE = YES;
				IPHONEOS_DEPLOYMENT_TARGET = 17.4;
				MARKETING_VERSION = 1.0;
				PRODUCT_BUNDLE_IDENTIFIER = TechWizz.H4X0RTests;
				PRODUCT_NAME = "$(TARGET_NAME)";
				SWIFT_EMIT_LOC_STRINGS = NO;
				SWIFT_VERSION = 5.0;
				TARGETED_DEVICE_FAMILY = "1,2";
				TEST_HOST = "$(BUILT_PRODUCTS_DIR)/H4X0R.app/$(BUNDLE_EXECUTABLE_FOLDER_PATH)/H4X0R";
			};
			name = Release;
		};
		7F23C3382BA1F52C009ABB22 /* Debug */ = {
			isa = XCBuildConfiguration;
			buildSettings = {
				ALWAYS_EMBED_SWIFT_STANDARD_LIBRARIES = YES;
				CODE_SIGN_STYLE = Automatic;
				CURRENT_PROJECT_VERSION = 1;
				DEVELOPMENT_TEAM = 56HSAHRD97;
				GENERATE_INFOPLIST_FILE = YES;
				MARKETING_VERSION = 1.0;
				PRODUCT_BUNDLE_IDENTIFIER = TechWizz.H4X0RUITests;
				PRODUCT_NAME = "$(TARGET_NAME)";
				SWIFT_EMIT_LOC_STRINGS = NO;
				SWIFT_VERSION = 5.0;
				TARGETED_DEVICE_FAMILY = "1,2";
				TEST_TARGET_NAME = H4X0R;
			};
			name = Debug;
		};
		7F23C3392BA1F52C009ABB22 /* Release */ = {
			isa = XCBuildConfiguration;
			buildSettings = {
				ALWAYS_EMBED_SWIFT_STANDARD_LIBRARIES = YES;
				CODE_SIGN_STYLE = Automatic;
				CURRENT_PROJECT_VERSION = 1;
				DEVELOPMENT_TEAM = 56HSAHRD97;
				GENERATE_INFOPLIST_FILE = YES;
				MARKETING_VERSION = 1.0;
				PRODUCT_BUNDLE_IDENTIFIER = TechWizz.H4X0RUITests;
				PRODUCT_NAME = "$(TARGET_NAME)";
				SWIFT_EMIT_LOC_STRINGS = NO;
				SWIFT_VERSION = 5.0;
				TARGETED_DEVICE_FAMILY = "1,2";
				TEST_TARGET_NAME = H4X0R;
			};
			name = Release;
		};
/* End XCBuildConfiguration section */

/* Begin XCConfigurationList section */
		7F23C3082BA1F52B009ABB22 /* Build configuration list for PBXProject "H4X0R" */ = {
			isa = XCConfigurationList;
			buildConfigurations = (
				7F23C32F2BA1F52C009ABB22 /* Debug */,
				7F23C3302BA1F52C009ABB22 /* Release */,
			);
			defaultConfigurationIsVisible = 0;
			defaultConfigurationName = Release;
		};
		7F23C3312BA1F52C009ABB22 /* Build configuration list for PBXNativeTarget "H4X0R" */ = {
			isa = XCConfigurationList;
			buildConfigurations = (
				7F23C3322BA1F52C009ABB22 /* Debug */,
				7F23C3332BA1F52C009ABB22 /* Release */,
			);
			defaultConfigurationIsVisible = 0;
			defaultConfigurationName = Release;
		};
		7F23C3342BA1F52C009ABB22 /* Build configuration list for PBXNativeTarget "H4X0RTests" */ = {
			isa = XCConfigurationList;
			buildConfigurations = (
				7F23C3352BA1F52C009ABB22 /* Debug */,
				7F23C3362BA1F52C009ABB22 /* Release */,
			);
			defaultConfigurationIsVisible = 0;
			defaultConfigurationName = Release;
		};
		7F23C3372BA1F52C009ABB22 /* Build configuration list for PBXNativeTarget "H4X0RUITests" */ = {
			isa = XCConfigurationList;
			buildConfigurations = (
				7F23C3382BA1F52C009ABB22 /* Debug */,
				7F23C3392BA1F52C009ABB22 /* Release */,
			);
			defaultConfigurationIsVisible = 0;
			defaultConfigurationName = Release;
		};
/* End XCConfigurationList section */
	};
	rootObject = 7F23C3052BA1F52B009ABB22 /* Project object */;
}
